// !$*UTF8*$!
{
	archiveVersion = 1;
	classes = {
	};
	objectVersion = 46;
	objects = {

/* Begin PBXBuildFile section */
		1F67CBB41C44C4E500E3FFAE /* AppDelegate.swift in Sources */ = {isa = PBXBuildFile; fileRef = 1F67CBB31C44C4E500E3FFAE /* AppDelegate.swift */; };
		1F67CBB61C44C4E500E3FFAE /* ViewController.swift in Sources */ = {isa = PBXBuildFile; fileRef = 1F67CBB51C44C4E500E3FFAE /* ViewController.swift */; };
		1F67CBB91C44C4E600E3FFAE /* Main.storyboard in Resources */ = {isa = PBXBuildFile; fileRef = 1F67CBB71C44C4E600E3FFAE /* Main.storyboard */; };
		1F67CBBB1C44C4E600E3FFAE /* Assets.xcassets in Resources */ = {isa = PBXBuildFile; fileRef = 1F67CBBA1C44C4E600E3FFAE /* Assets.xcassets */; };
		1F67CBBE1C44C4E600E3FFAE /* LaunchScreen.storyboard in Resources */ = {isa = PBXBuildFile; fileRef = 1F67CBBC1C44C4E600E3FFAE /* LaunchScreen.storyboard */; };
		1F67CBC91C44C4E600E3FFAE /* tipsTests.swift in Sources */ = {isa = PBXBuildFile; fileRef = 1F67CBC81C44C4E600E3FFAE /* tipsTests.swift */; };
		1F67CBD41C44C4E600E3FFAE /* tipsUITests.swift in Sources */ = {isa = PBXBuildFile; fileRef = 1F67CBD31C44C4E600E3FFAE /* tipsUITests.swift */; };
		1F67CBE21C44EAE000E3FFAE /* SettingsViewController.swift in Sources */ = {isa = PBXBuildFile; fileRef = 1F67CBE11C44EAE000E3FFAE /* SettingsViewController.swift */; };
		1F67CBE51C45942600E3FFAE /* DataHelper.swift in Sources */ = {isa = PBXBuildFile; fileRef = 1F67CBE41C45942600E3FFAE /* DataHelper.swift */; };
/* End PBXBuildFile section */

/* Begin PBXContainerItemProxy section */
		1F67CBC51C44C4E600E3FFAE /* PBXContainerItemProxy */ = {
			isa = PBXContainerItemProxy;
			containerPortal = 1F67CBA81C44C4E500E3FFAE /* Project object */;
			proxyType = 1;
			remoteGlobalIDString = 1F67CBAF1C44C4E500E3FFAE;
			remoteInfo = tips;
		};
		1F67CBD01C44C4E600E3FFAE /* PBXContainerItemProxy */ = {
			isa = PBXContainerItemProxy;
			containerPortal = 1F67CBA81C44C4E500E3FFAE /* Project object */;
			proxyType = 1;
			remoteGlobalIDString = 1F67CBAF1C44C4E500E3FFAE;
			remoteInfo = tips;
		};
/* End PBXContainerItemProxy section */

/* Begin PBXFileReference section */
		1F67CBB01C44C4E500E3FFAE /* tips.app */ = {isa = PBXFileReference; explicitFileType = wrapper.application; includeInIndex = 0; path = tips.app; sourceTree = BUILT_PRODUCTS_DIR; };
		1F67CBB31C44C4E500E3FFAE /* AppDelegate.swift */ = {isa = PBXFileReference; lastKnownFileType = sourcecode.swift; path = AppDelegate.swift; sourceTree = "<group>"; };
		1F67CBB51C44C4E500E3FFAE /* ViewController.swift */ = {isa = PBXFileReference; lastKnownFileType = sourcecode.swift; path = ViewController.swift; sourceTree = "<group>"; };
		1F67CBB81C44C4E600E3FFAE /* Base */ = {isa = PBXFileReference; lastKnownFileType = file.storyboard; name = Base; path = Base.lproj/Main.storyboard; sourceTree = "<group>"; };
		1F67CBBA1C44C4E600E3FFAE /* Assets.xcassets */ = {isa = PBXFileReference; lastKnownFileType = folder.assetcatalog; path = Assets.xcassets; sourceTree = "<group>"; };
		1F67CBBD1C44C4E600E3FFAE /* Base */ = {isa = PBXFileReference; lastKnownFileType = file.storyboard; name = Base; path = Base.lproj/LaunchScreen.storyboard; sourceTree = "<group>"; };
		1F67CBBF1C44C4E600E3FFAE /* Info.plist */ = {isa = PBXFileReference; lastKnownFileType = text.plist.xml; path = Info.plist; sourceTree = "<group>"; };
		1F67CBC41C44C4E600E3FFAE /* tipsTests.xctest */ = {isa = PBXFileReference; explicitFileType = wrapper.cfbundle; includeInIndex = 0; path = tipsTests.xctest; sourceTree = BUILT_PRODUCTS_DIR; };
		1F67CBC81C44C4E600E3FFAE /* tipsTests.swift */ = {isa = PBXFileReference; lastKnownFileType = sourcecode.swift; path = tipsTests.swift; sourceTree = "<group>"; };
		1F67CBCA1C44C4E600E3FFAE /* Info.plist */ = {isa = PBXFileReference; lastKnownFileType = text.plist.xml; path = Info.plist; sourceTree = "<group>"; };
		1F67CBCF1C44C4E600E3FFAE /* tipsUITests.xctest */ = {isa = PBXFileReference; explicitFileType = wrapper.cfbundle; includeInIndex = 0; path = tipsUITests.xctest; sourceTree = BUILT_PRODUCTS_DIR; };
		1F67CBD31C44C4E600E3FFAE /* tipsUITests.swift */ = {isa = PBXFileReference; lastKnownFileType = sourcecode.swift; path = tipsUITests.swift; sourceTree = "<group>"; };
		1F67CBD51C44C4E600E3FFAE /* Info.plist */ = {isa = PBXFileReference; lastKnownFileType = text.plist.xml; path = Info.plist; sourceTree = "<group>"; };
		1F67CBE11C44EAE000E3FFAE /* SettingsViewController.swift */ = {isa = PBXFileReference; fileEncoding = 4; lastKnownFileType = sourcecode.swift; path = SettingsViewController.swift; sourceTree = "<group>"; };
		1F67CBE41C45942600E3FFAE /* DataHelper.swift */ = {isa = PBXFileReference; fileEncoding = 4; lastKnownFileType = sourcecode.swift; path = DataHelper.swift; sourceTree = "<group>"; };
/* End PBXFileReference section */

/* Begin PBXFrameworksBuildPhase section */
		1F67CBAD1C44C4E500E3FFAE /* Frameworks */ = {
			isa = PBXFrameworksBuildPhase;
			buildActionMask = 2147483647;
			files = (
			);
			runOnlyForDeploymentPostprocessing = 0;
		};
		1F67CBC11C44C4E600E3FFAE /* Frameworks */ = {
			isa = PBXFrameworksBuildPhase;
			buildActionMask = 2147483647;
			files = (
			);
			runOnlyForDeploymentPostprocessing = 0;
		};
		1F67CBCC1C44C4E600E3FFAE /* Frameworks */ = {
			isa = PBXFrameworksBuildPhase;
			buildActionMask = 2147483647;
			files = (
			);
			runOnlyForDeploymentPostprocessing = 0;
		};
/* End PBXFrameworksBuildPhase section */

/* Begin PBXGroup section */
		1F67CBA71C44C4E500E3FFAE = {
			isa = PBXGroup;
			children = (
				1F67CBB21C44C4E500E3FFAE /* tips */,
				1F67CBC71C44C4E600E3FFAE /* tipsTests */,
				1F67CBD21C44C4E600E3FFAE /* tipsUITests */,
				1F67CBB11C44C4E500E3FFAE /* Products */,
			);
			sourceTree = "<group>";
		};
		1F67CBB11C44C4E500E3FFAE /* Products */ = {
			isa = PBXGroup;
			children = (
				1F67CBB01C44C4E500E3FFAE /* tips.app */,
				1F67CBC41C44C4E600E3FFAE /* tipsTests.xctest */,
				1F67CBCF1C44C4E600E3FFAE /* tipsUITests.xctest */,
			);
			name = Products;
			sourceTree = "<group>";
		};
		1F67CBB21C44C4E500E3FFAE /* tips */ = {
			isa = PBXGroup;
			children = (
				1F67CBE31C44EAE500E3FFAE /* ViewControllers */,
				1F67CBB31C44C4E500E3FFAE /* AppDelegate.swift */,
				1F67CBB71C44C4E600E3FFAE /* Main.storyboard */,
				1F67CBBA1C44C4E600E3FFAE /* Assets.xcassets */,
				1F67CBBC1C44C4E600E3FFAE /* LaunchScreen.storyboard */,
				1F67CBBF1C44C4E600E3FFAE /* Info.plist */,
				1F67CBE41C45942600E3FFAE /* DataHelper.swift */,
			);
			path = tips;
			sourceTree = "<group>";
		};
		1F67CBC71C44C4E600E3FFAE /* tipsTests */ = {
			isa = PBXGroup;
			children = (
				1F67CBC81C44C4E600E3FFAE /* tipsTests.swift */,
				1F67CBCA1C44C4E600E3FFAE /* Info.plist */,
			);
			path = tipsTests;
			sourceTree = "<group>";
		};
		1F67CBD21C44C4E600E3FFAE /* tipsUITests */ = {
			isa = PBXGroup;
			children = (
				1F67CBD31C44C4E600E3FFAE /* tipsUITests.swift */,
				1F67CBD51C44C4E600E3FFAE /* Info.plist */,
			);
			path = tipsUITests;
			sourceTree = "<group>";
		};
		1F67CBE31C44EAE500E3FFAE /* ViewControllers */ = {
			isa = PBXGroup;
			children = (
				1F67CBE11C44EAE000E3FFAE /* SettingsViewController.swift */,
				1F67CBB51C44C4E500E3FFAE /* ViewController.swift */,
			);
			name = ViewControllers;
			sourceTree = "<group>";
		};
/* End PBXGroup section */

/* Begin PBXNativeTarget section */
		1F67CBAF1C44C4E500E3FFAE /* tips */ = {
			isa = PBXNativeTarget;
			buildConfigurationList = 1F67CBD81C44C4E600E3FFAE /* Build configuration list for PBXNativeTarget "tips" */;
			buildPhases = (
				1F67CBAC1C44C4E500E3FFAE /* Sources */,
				1F67CBAD1C44C4E500E3FFAE /* Frameworks */,
				1F67CBAE1C44C4E500E3FFAE /* Resources */,
			);
			buildRules = (
			);
			dependencies = (
			);
			name = tips;
			productName = tips;
			productReference = 1F67CBB01C44C4E500E3FFAE /* tips.app */;
			productType = "com.apple.product-type.application";
		};
		1F67CBC31C44C4E600E3FFAE /* tipsTests */ = {
			isa = PBXNativeTarget;
			buildConfigurationList = 1F67CBDB1C44C4E600E3FFAE /* Build configuration list for PBXNativeTarget "tipsTests" */;
			buildPhases = (
				1F67CBC01C44C4E600E3FFAE /* Sources */,
				1F67CBC11C44C4E600E3FFAE /* Frameworks */,
				1F67CBC21C44C4E600E3FFAE /* Resources */,
			);
			buildRules = (
			);
			dependencies = (
				1F67CBC61C44C4E600E3FFAE /* PBXTargetDependency */,
			);
			name = tipsTests;
			productName = tipsTests;
			productReference = 1F67CBC41C44C4E600E3FFAE /* tipsTests.xctest */;
			productType = "com.apple.product-type.bundle.unit-test";
		};
		1F67CBCE1C44C4E600E3FFAE /* tipsUITests */ = {
			isa = PBXNativeTarget;
			buildConfigurationList = 1F67CBDE1C44C4E600E3FFAE /* Build configuration list for PBXNativeTarget "tipsUITests" */;
			buildPhases = (
				1F67CBCB1C44C4E600E3FFAE /* Sources */,
				1F67CBCC1C44C4E600E3FFAE /* Frameworks */,
				1F67CBCD1C44C4E600E3FFAE /* Resources */,
			);
			buildRules = (
			);
			dependencies = (
				1F67CBD11C44C4E600E3FFAE /* PBXTargetDependency */,
			);
			name = tipsUITests;
			productName = tipsUITests;
			productReference = 1F67CBCF1C44C4E600E3FFAE /* tipsUITests.xctest */;
			productType = "com.apple.product-type.bundle.ui-testing";
		};
/* End PBXNativeTarget section */

/* Begin PBXProject section */
		1F67CBA81C44C4E500E3FFAE /* Project object */ = {
			isa = PBXProject;
			attributes = {
				LastSwiftUpdateCheck = 0720;
				LastUpgradeCheck = 0720;
				ORGANIZATIONNAME = Naseem;
				TargetAttributes = {
					1F67CBAF1C44C4E500E3FFAE = {
						CreatedOnToolsVersion = 7.2;
						DevelopmentTeam = HNX2N95479;
					};
					1F67CBC31C44C4E600E3FFAE = {
						CreatedOnToolsVersion = 7.2;
						TestTargetID = 1F67CBAF1C44C4E500E3FFAE;
					};
					1F67CBCE1C44C4E600E3FFAE = {
						CreatedOnToolsVersion = 7.2;
						TestTargetID = 1F67CBAF1C44C4E500E3FFAE;
					};
				};
			};
			buildConfigurationList = 1F67CBAB1C44C4E500E3FFAE /* Build configuration list for PBXProject "tips" */;
			compatibilityVersion = "Xcode 3.2";
			developmentRegion = English;
			hasScannedForEncodings = 0;
			knownRegions = (
				en,
				Base,
			);
			mainGroup = 1F67CBA71C44C4E500E3FFAE;
			productRefGroup = 1F67CBB11C44C4E500E3FFAE /* Products */;
			projectDirPath = "";
			projectRoot = "";
			targets = (
				1F67CBAF1C44C4E500E3FFAE /* tips */,
				1F67CBC31C44C4E600E3FFAE /* tipsTests */,
				1F67CBCE1C44C4E600E3FFAE /* tipsUITests */,
			);
		};
/* End PBXProject section */

/* Begin PBXResourcesBuildPhase section */
		1F67CBAE1C44C4E500E3FFAE /* Resources */ = {
			isa = PBXResourcesBuildPhase;
			buildActionMask = 2147483647;
			files = (
				1F67CBBE1C44C4E600E3FFAE /* LaunchScreen.storyboard in Resources */,
				1F67CBBB1C44C4E600E3FFAE /* Assets.xcassets in Resources */,
				1F67CBB91C44C4E600E3FFAE /* Main.storyboard in Resources */,
			);
			runOnlyForDeploymentPostprocessing = 0;
		};
		1F67CBC21C44C4E600E3FFAE /* Resources */ = {
			isa = PBXResourcesBuildPhase;
			buildActionMask = 2147483647;
			files = (
			);
			runOnlyForDeploymentPostprocessing = 0;
		};
		1F67CBCD1C44C4E600E3FFAE /* Resources */ = {
			isa = PBXResourcesBuildPhase;
			buildActionMask = 2147483647;
			files = (
			);
			runOnlyForDeploymentPostprocessing = 0;
		};
/* End PBXResourcesBuildPhase section */

/* Begin PBXSourcesBuildPhase section */
		1F67CBAC1C44C4E500E3FFAE /* Sources */ = {
			isa = PBXSourcesBuildPhase;
			buildActionMask = 2147483647;
			files = (
				1F67CBB61C44C4E500E3FFAE /* ViewController.swift in Sources */,
				1F67CBE51C45942600E3FFAE /* DataHelper.swift in Sources */,
				1F67CBB41C44C4E500E3FFAE /* AppDelegate.swift in Sources */,
				1F67CBE21C44EAE000E3FFAE /* SettingsViewController.swift in Sources */,
			);
			runOnlyForDeploymentPostprocessing = 0;
		};
		1F67CBC01C44C4E600E3FFAE /* Sources */ = {
			isa = PBXSourcesBuildPhase;
			buildActionMask = 2147483647;
			files = (
				1F67CBC91C44C4E600E3FFAE /* tipsTests.swift in Sources */,
			);
			runOnlyForDeploymentPostprocessing = 0;
		};
		1F67CBCB1C44C4E600E3FFAE /* Sources */ = {
			isa = PBXSourcesBuildPhase;
			buildActionMask = 2147483647;
			files = (
				1F67CBD41C44C4E600E3FFAE /* tipsUITests.swift in Sources */,
			);
			runOnlyForDeploymentPostprocessing = 0;
		};
/* End PBXSourcesBuildPhase section */

/* Begin PBXTargetDependency section */
		1F67CBC61C44C4E600E3FFAE /* PBXTargetDependency */ = {
			isa = PBXTargetDependency;
			target = 1F67CBAF1C44C4E500E3FFAE /* tips */;
			targetProxy = 1F67CBC51C44C4E600E3FFAE /* PBXContainerItemProxy */;
		};
		1F67CBD11C44C4E600E3FFAE /* PBXTargetDependency */ = {
			isa = PBXTargetDependency;
			target = 1F67CBAF1C44C4E500E3FFAE /* tips */;
			targetProxy = 1F67CBD01C44C4E600E3FFAE /* PBXContainerItemProxy */;
		};
/* End PBXTargetDependency section */

/* Begin PBXVariantGroup section */
		1F67CBB71C44C4E600E3FFAE /* Main.storyboard */ = {
			isa = PBXVariantGroup;
			children = (
				1F67CBB81C44C4E600E3FFAE /* Base */,
			);
			name = Main.storyboard;
			sourceTree = "<group>";
		};
		1F67CBBC1C44C4E600E3FFAE /* LaunchScreen.storyboard */ = {
			isa = PBXVariantGroup;
			children = (
				1F67CBBD1C44C4E600E3FFAE /* Base */,
			);
			name = LaunchScreen.storyboard;
			sourceTree = "<group>";
		};
/* End PBXVariantGroup section */

/* Begin XCBuildConfiguration section */
		1F67CBD61C44C4E600E3FFAE /* Debug */ = {
			isa = XCBuildConfiguration;
			buildSettings = {
				ALWAYS_SEARCH_USER_PATHS = NO;
				CLANG_CXX_LANGUAGE_STANDARD = "gnu++0x";
				CLANG_CXX_LIBRARY = "libc++";
				CLANG_ENABLE_MODULES = YES;
				CLANG_ENABLE_OBJC_ARC = YES;
				CLANG_WARN_BOOL_CONVERSION = YES;
				CLANG_WARN_CONSTANT_CONVERSION = YES;
				CLANG_WARN_DIRECT_OBJC_ISA_USAGE = YES_ERROR;
				CLANG_WARN_EMPTY_BODY = YES;
				CLANG_WARN_ENUM_CONVERSION = YES;
				CLANG_WARN_INT_CONVERSION = YES;
				CLANG_WARN_OBJC_ROOT_CLASS = YES_ERROR;
				CLANG_WARN_UNREACHABLE_CODE = YES;
				CLANG_WARN__DUPLICATE_METHOD_MATCH = YES;
				"CODE_SIGN_IDENTITY[sdk=iphoneos*]" = "iPhone Developer";
				COPY_PHASE_STRIP = NO;
				DEBUG_INFORMATION_FORMAT = dwarf;
				ENABLE_STRICT_OBJC_MSGSEND = YES;
				ENABLE_TESTABILITY = YES;
				GCC_C_LANGUAGE_STANDARD = gnu99;
				GCC_DYNAMIC_NO_PIC = NO;
				GCC_NO_COMMON_BLOCKS = YES;
				GCC_OPTIMIZATION_LEVEL = 0;
				GCC_PREPROCESSOR_DEFINITIONS = (
					"DEBUG=1",
					"$(inherited)",
				);
				GCC_WARN_64_TO_32_BIT_CONVERSION = YES;
				GCC_WARN_ABOUT_RETURN_TYPE = YES_ERROR;
				GCC_WARN_UNDECLARED_SELECTOR = YES;
				GCC_WARN_UNINITIALIZED_AUTOS = YES_AGGRESSIVE;
				GCC_WARN_UNUSED_FUNCTION = YES;
				GCC_WARN_UNUSED_VARIABLE = YES;
				IPHONEOS_DEPLOYMENT_TARGET = 9.2;
				MTL_ENABLE_DEBUG_INFO = YES;
				ONLY_ACTIVE_ARCH = YES;
				SDKROOT = iphoneos;
				SWIFT_OPTIMIZATION_LEVEL = "-Onone";
			};
			name = Debug;
		};
		1F67CBD71C44C4E600E3FFAE /* Release */ = {
			isa = XCBuildConfiguration;
			buildSettings = {
				ALWAYS_SEARCH_USER_PATHS = NO;
				CLANG_CXX_LANGUAGE_STANDARD = "gnu++0x";
				CLANG_CXX_LIBRARY = "libc++";
				CLANG_ENABLE_MODULES = YES;
				CLANG_ENABLE_OBJC_ARC = YES;
				CLANG_WARN_BOOL_CONVERSION = YES;
				CLANG_WARN_CONSTANT_CONVERSION = YES;
				CLANG_WARN_DIRECT_OBJC_ISA_USAGE = YES_ERROR;
				CLANG_WARN_EMPTY_BODY = YES;
				CLANG_WARN_ENUM_CONVERSION = YES;
				CLANG_WARN_INT_CONVERSION = YES;
				CLANG_WARN_OBJC_ROOT_CLASS = YES_ERROR;
				CLANG_WARN_UNREACHABLE_CODE = YES;
				CLANG_WARN__DUPLICATE_METHOD_MATCH = YES;
				"CODE_SIGN_IDENTITY[sdk=iphoneos*]" = "iPhone Developer";
				COPY_PHASE_STRIP = NO;
				DEBUG_INFORMATION_FORMAT = "dwarf-with-dsym";
				ENABLE_NS_ASSERTIONS = NO;
				ENABLE_STRICT_OBJC_MSGSEND = YES;
				GCC_C_LANGUAGE_STANDARD = gnu99;
				GCC_NO_COMMON_BLOCKS = YES;
				GCC_WARN_64_TO_32_BIT_CONVERSION = YES;
				GCC_WARN_ABOUT_RETURN_TYPE = YES_ERROR;
				GCC_WARN_UNDECLARED_SELECTOR = YES;
				GCC_WARN_UNINITIALIZED_AUTOS = YES_AGGRESSIVE;
				GCC_WARN_UNUSED_FUNCTION = YES;
				GCC_WARN_UNUSED_VARIABLE = YES;
				IPHONEOS_DEPLOYMENT_TARGET = 9.2;
				MTL_ENABLE_DEBUG_INFO = NO;
				SDKROOT = iphoneos;
				VALIDATE_PRODUCT = YES;
			};
			name = Release;
		};
		1F67CBD91C44C4E600E3FFAE /* Debug */ = {
			isa = XCBuildConfiguration;
			buildSettings = {
				ASSETCATALOG_COMPILER_APPICON_NAME = AppIcon;
				CODE_SIGN_IDENTITY = "iPhone Developer";
				"CODE_SIGN_IDENTITY[sdk=iphoneos*]" = "iPhone Developer";
				INFOPLIST_FILE = tips/Info.plist;
				IPHONEOS_DEPLOYMENT_TARGET = 8.0;
				LD_RUNPATH_SEARCH_PATHS = "$(inherited) @executable_path/Frameworks";
				PRODUCT_BUNDLE_IDENTIFIER = Naseem.tips;
				PRODUCT_NAME = "$(TARGET_NAME)";
				PROVISIONING_PROFILE = "";
			};
			name = Debug;
		};
		1F67CBDA1C44C4E600E3FFAE /* Release */ = {
			isa = XCBuildConfiguration;
			buildSettings = {
				ASSETCATALOG_COMPILER_APPICON_NAME = AppIcon;
				CODE_SIGN_IDENTITY = "iPhone Developer";
				"CODE_SIGN_IDENTITY[sdk=iphoneos*]" = "iPhone Developer";
				INFOPLIST_FILE = tips/Info.plist;
				IPHONEOS_DEPLOYMENT_TARGET = 8.0;
				LD_RUNPATH_SEARCH_PATHS = "$(inherited) @executable_path/Frameworks";
				PRODUCT_BUNDLE_IDENTIFIER = Naseem.tips;
				PRODUCT_NAME = "$(TARGET_NAME)";
				PROVISIONING_PROFILE = "";
			};
			name = Release;
		};
		1F67CBDC1C44C4E600E3FFAE /* Debug */ = {
			isa = XCBuildConfiguration;
			buildSettings = {
				BUNDLE_LOADER = "$(TEST_HOST)";
				INFOPLIST_FILE = tipsTests/Info.plist;
				LD_RUNPATH_SEARCH_PATHS = "$(inherited) @executable_path/Frameworks @loader_path/Frameworks";
				PRODUCT_BUNDLE_IDENTIFIER = Naseem.tipsTests;
				PRODUCT_NAME = "$(TARGET_NAME)";
				TEST_HOST = "$(BUILT_PRODUCTS_DIR)/tips.app/tips";
			};
			name = Debug;
		};
		1F67CBDD1C44C4E600E3FFAE /* Release */ = {
			isa = XCBuildConfiguration;
			buildSettings = {
				BUNDLE_LOADER = "$(TEST_HOST)";
				INFOPLIST_FILE = tipsTests/Info.plist;
				LD_RUNPATH_SEARCH_PATHS = "$(inherited) @executable_path/Frameworks @loader_path/Frameworks";
				PRODUCT_BUNDLE_IDENTIFIER = Naseem.tipsTests;
				PRODUCT_NAME = "$(TARGET_NAME)";
				TEST_HOST = "$(BUILT_PRODUCTS_DIR)/tips.app/tips";
			};
			name = Release;
		};
		1F67CBDF1C44C4E600E3FFAE /* Debug */ = {
			isa = XCBuildConfiguration;
			buildSettings = {
				INFOPLIST_FILE = tipsUITests/Info.plist;
				LD_RUNPATH_SEARCH_PATHS = "$(inherited) @executable_path/Frameworks @loader_path/Frameworks";
				PRODUCT_BUNDLE_IDENTIFIER = Naseem.tipsUITests;
				PRODUCT_NAME = "$(TARGET_NAME)";
				TEST_TARGET_NAME = tips;
				USES_XCTRUNNER = YES;
			};
			name = Debug;
		};
		1F67CBE01C44C4E600E3FFAE /* Release */ = {
			isa = XCBuildConfiguration;
			buildSettings = {
				INFOPLIST_FILE = tipsUITests/Info.plist;
				LD_RUNPATH_SEARCH_PATHS = "$(inherited) @executable_path/Frameworks @loader_path/Frameworks";
				PRODUCT_BUNDLE_IDENTIFIER = Naseem.tipsUITests;
				PRODUCT_NAME = "$(TARGET_NAME)";
				TEST_TARGET_NAME = tips;
				USES_XCTRUNNER = YES;
			};
			name = Release;
		};
/* End XCBuildConfiguration section */

/* Begin XCConfigurationList section */
		1F67CBAB1C44C4E500E3FFAE /* Build configuration list for PBXProject "tips" */ = {
			isa = XCConfigurationList;
			buildConfigurations = (
				1F67CBD61C44C4E600E3FFAE /* Debug */,
				1F67CBD71C44C4E600E3FFAE /* Release */,
			);
			defaultConfigurationIsVisible = 0;
			defaultConfigurationName = Release;
		};
		1F67CBD81C44C4E600E3FFAE /* Build configuration list for PBXNativeTarget "tips" */ = {
			isa = XCConfigurationList;
			buildConfigurations = (
				1F67CBD91C44C4E600E3FFAE /* Debug */,
				1F67CBDA1C44C4E600E3FFAE /* Release */,
			);
			defaultConfigurationIsVisible = 0;
		};
		1F67CBDB1C44C4E600E3FFAE /* Build configuration list for PBXNativeTarget "tipsTests" */ = {
			isa = XCConfigurationList;
			buildConfigurations = (
				1F67CBDC1C44C4E600E3FFAE /* Debug */,
				1F67CBDD1C44C4E600E3FFAE /* Release */,
			);
			defaultConfigurationIsVisible = 0;
		};
		1F67CBDE1C44C4E600E3FFAE /* Build configuration list for PBXNativeTarget "tipsUITests" */ = {
			isa = XCConfigurationList;
			buildConfigurations = (
				1F67CBDF1C44C4E600E3FFAE /* Debug */,
				1F67CBE01C44C4E600E3FFAE /* Release */,
			);
			defaultConfigurationIsVisible = 0;
		};
/* End XCConfigurationList section */
	};
	rootObject = 1F67CBA81C44C4E500E3FFAE /* Project object */;
}
